github.com/s-zer0/bank v0.0.0-20200927130046-eca426405359 h1:Y92eRsAtnHEAT3uaYtPNp0J06lJyuGAeRgCbSeHledU=
github.com/s-zer0/bank v0.0.0-20200927130046-eca426405359/go.mod h1:L9tCkFdkggbNiVca8o+fI0RXsA7kvlMAhC71aL5aOBU=
github.com/s-zer0/bank v0.0.0-20200927133614-d55aa466594c h1:ecHKKs9NCl9EBB8lgabhVa8MGirQlZ4XciUUr4rp+XI=
github.com/s-zer0/bank v0.0.0-20200927133614-d55aa466594c/go.mod h1:L9tCkFdkggbNiVca8o+fI0RXsA7kvlMAhC71aL5aOBU=
github.com/s-zer0/bank/v2 v2.0.0 h1:Oao3UQ8VUJU3NkwN2RAsxRUf14GI/X5hQDJGpDPJT10=
github.com/s-zer0/bank/v2 v2.0.0/go.mod h1:jKdJow7Mx6y9Ht6YJrCtMOq0ATiPc7lSlQ/O1oTaJgk=
github.com/s-zer0/stats v1.0.0 h1:GtDqsiNxgu6Ek3QPdaAUgHZsJWzCI0bpJVho/eBz+0o=
github.com/s-zer0/stats v1.0.0/go.mod h1:LngibhvvqNh5yjBM4k0SiQLeFK/r4W3l35ASBHTwG3Y=
